
Microsoft Visual Studio Solution File, Format Version 12.00
# Visual Studio Version 16
VisualStudioVersion = 16.0.29123.89
MinimumVisualStudioVersion = 10.0.40219.1
Project("{FAE04EC0-301F-11D3-BF4B-00C04F79EFBC}") = "HCVisionWorker", "HCVisionWorker\HCVisionWorker.csproj", "{E8FAE28F-B614-40AB-B37B-CE7783ED88AF}"
EndProject
Project("{FAE04EC0-301F-11D3-BF4B-00C04F79EFBC}") = "HCVisionWorkerTest", "HCVisionWorkerTest\HCVisionWorkerTest.csproj", "{96982834-F6C4-4B46-B4F2-BCBF60ACD185}"
EndProject
Global
	GlobalSection(SolutionConfigurationPlatforms) = preSolution
		Debug|Any CPU = Debug|Any CPU
		Release|Any CPU = Release|Any CPU
	EndGlobalSection
	GlobalSection(ProjectConfigurationPlatforms) = postSolution
		{E8FAE28F-B614-40AB-B37B-CE7783ED88AF}.Debug|Any CPU.ActiveCfg = Debug|Any CPU
		{E8FAE28F-B614-40AB-B37B-CE7783ED88AF}.Debug|Any CPU.Build.0 = Debug|Any CPU
		{E8FAE28F-B614-40AB-B37B-CE7783ED88AF}.Release|Any CPU.ActiveCfg = Release|Any CPU
		{E8FAE28F-B614-40AB-B37B-CE7783ED88AF}.Release|Any CPU.Build.0 = Release|Any CPU
		{96982834-F6C4-4B46-B4F2-BCBF60ACD185}.Debug|Any CPU.ActiveCfg = Debug|Any CPU
		{96982834-F6C4-4B46-B4F2-BCBF60ACD185}.Debug|Any CPU.Build.0 = Debug|Any CPU
		{96982834-F6C4-4B46-B4F2-BCBF60ACD185}.Release|Any CPU.ActiveCfg = Release|Any CPU
		{96982834-F6C4-4B46-B4F2-BCBF60ACD185}.Release|Any CPU.Build.0 = Release|Any CPU
	EndGlobalSection
	GlobalSection(SolutionProperties) = preSolution
		HideSolutionNode = FALSE
	EndGlobalSection
	GlobalSection(ExtensibilityGlobals) = postSolution
		SolutionGuid = {8E3E3447-D34E-4F73-B60F-D9D5FBA2EFE9}
	EndGlobalSection
EndGlobal
